
Microsoft Visual Studio Solution File, Format Version 12.00
# Visual Studio Version 17
VisualStudioVersion = 17.5.33424.131
MinimumVisualStudioVersion = 10.0.40219.1
Project("{FAE04EC0-301F-11D3-BF4B-00C04F79EFBC}") = "InvalidRecordFinder", "InvalidRecordFinder.csproj", "{F800B9C9-AB9C-437B-BF81-856BBD90E60D}"
EndProject
Global
	GlobalSection(SolutionConfigurationPlatforms) = preSolution
		Debug|Any CPU = Debug|Any CPU
		Release|Any CPU = Release|Any CPU
	EndGlobalSection
	GlobalSection(ProjectConfigurationPlatforms) = postSolution
		{F800B9C9-AB9C-437B-BF81-856BBD90E60D}.Debug|Any CPU.ActiveCfg = Debug|Any CPU
		{F800B9C9-AB9C-437B-BF81-856BBD90E60D}.Debug|Any CPU.Build.0 = Debug|Any CPU
		{F800B9C9-AB9C-437B-BF81-856BBD90E60D}.Release|Any CPU.ActiveCfg = Release|Any CPU
		{F800B9C9-AB9C-437B-BF81-856BBD90E60D}.Release|Any CPU.Build.0 = Release|Any CPU
	EndGlobalSection
	GlobalSection(SolutionProperties) = preSolution
		HideSolutionNode = FALSE
	EndGlobalSection
	GlobalSection(ExtensibilityGlobals) = postSolution
		SolutionGuid = {ACD6062D-FEA8-4E28-A911-151E6F8FD428}
	EndGlobalSection
EndGlobal
